<?xml version="1.0" encoding="utf-8"?>
<Project ToolsVersion="4.0" xmlns="http://schemas.microsoft.com/developer/msbuild/2003">
  <ItemGroup>
    <Filter Include="源文件">
      <UniqueIdentifier>{4FC737F1-C7A5-4376-A066-2A32D752A2FF}</UniqueIdentifier>
      <Extensions>cpp;c;cc;cxx;c++;cppm;ixx;def;odl;idl;hpj;bat;asm;asmx</Extensions>
    </Filter>
    <Filter Include="头文件">
      <UniqueIdentifier>{93995380-89BD-4b04-88EB-625FBE52EBFB}</UniqueIdentifier>
      <Extensions>h;hh;hpp;hxx;h++;hm;inl;inc;ipp;xsd</Extensions>
    </Filter>
    <Filter Include="资源文件">
      <UniqueIdentifier>{67DA6AB6-F800-4c08-8B7A-83BB121AAD01}</UniqueIdentifier>
      <Extensions>rc;ico;cur;bmp;dlg;rc2;rct;bin;rgs;gif;jpg;jpeg;jpe;resx;tiff;tif;png;wav;mfcribbon-ms</Extensions>
    </Filter>
    <Filter Include="头文件\CloudSea_">
      <UniqueIdentifier>{be0cd4c2-2231-46ad-ac69-118a54c65a4b}</UniqueIdentifier>
    </Filter>
    <Filter Include="源文件\CloudSea_">
      <UniqueIdentifier>{57201897-3a87-46ff-8693-19e8164a2807}</UniqueIdentifier>
    </Filter>
    <Filter Include="头文件\库">
      <UniqueIdentifier>{44e04dc9-3127-4b18-867f-93e8e09ee214}</UniqueIdentifier>
    </Filter>
    <Filter Include="头文件\库\SRC">
      <UniqueIdentifier>{06f6f57b-63b0-464c-9e45-6879e6557080}</UniqueIdentifier>
    </Filter>
    <Filter Include="头文件\库\CLibrary">
      <UniqueIdentifier>{f8ff2d48-6963-4164-8538-f1ea715d3f5e}</UniqueIdentifier>
    </Filter>
    <Filter Include="头文件\库\InputLibrary">
      <UniqueIdentifier>{0bdaf44d-120f-4293-834d-ee5344cd7525}</UniqueIdentifier>
    </Filter>
  </ItemGroup>
  <ItemGroup>
    <ClCompile Include="main.cpp">
      <Filter>源文件</Filter>
    </ClCompile>
    <ClCompile Include="Source\CloudSea\CloudSea.cpp">
      <Filter>源文件\CloudSea_</Filter>
    </ClCompile>
    <ClCompile Include="Include\Library\InputLibrary\KeyBoardAsyncState.cpp">
      <Filter>头文件\库\InputLibrary</Filter>
    </ClCompile>
  </ItemGroup>
  <ItemGroup>
    <ClInclude Include="Include\CloudSea\CloudSea.h">
      <Filter>头文件\CloudSea_</Filter>
    </ClInclude>
    <ClInclude Include="Include\Library\Audio\Audio.h">
      <Filter>头文件\库\SRC</Filter>
    </ClInclude>
    <ClInclude Include="Include\Library\CLibrary\CLibrary.h">
      <Filter>头文件\库\CLibrary</Filter>
    </ClInclude>
    <ClInclude Include="Include\Library\InputLibrary\KeyBordAsyncState.h">
      <Filter>头文件\库\InputLibrary</Filter>
    </ClInclude>
    <ClInclude Include="Include\Library\Graphics\Graphics.h">
      <Filter>头文件\库\SRC</Filter>
    </ClInclude>
  </ItemGroup>
</Project>